// !$*UTF8*$!
{
	archiveVersion = 1;
	classes = {
	};
	objectVersion = 55;
	objects = {

/* Begin PBXBuildFile section */
		AEDAA24428362FA200C89D4D /* MoodsConfigurable.swift in Sources */ = {isa = PBXBuildFile; fileRef = AEDAA24328362FA200C89D4D /* MoodsConfigurable.swift */; };
		AEF797EE283237A600D22193 /* AppDelegate.swift in Sources */ = {isa = PBXBuildFile; fileRef = AEF797ED283237A600D22193 /* AppDelegate.swift */; };
		AEF797F0283237A600D22193 /* SceneDelegate.swift in Sources */ = {isa = PBXBuildFile; fileRef = AEF797EF283237A600D22193 /* SceneDelegate.swift */; };
		AEF797F2283237A600D22193 /* MoodSelectionViewController.swift in Sources */ = {isa = PBXBuildFile; fileRef = AEF797F1283237A600D22193 /* MoodSelectionViewController.swift */; };
		AEF797F5283237A600D22193 /* Main.storyboard in Resources */ = {isa = PBXBuildFile; fileRef = AEF797F3283237A600D22193 /* Main.storyboard */; };
		AEF797F7283237A800D22193 /* Assets.xcassets in Resources */ = {isa = PBXBuildFile; fileRef = AEF797F6283237A800D22193 /* Assets.xcassets */; };
		AEF797FA283237A800D22193 /* LaunchScreen.storyboard in Resources */ = {isa = PBXBuildFile; fileRef = AEF797F8283237A800D22193 /* LaunchScreen.storyboard */; };
		AEF79805283237A800D22193 /* MandalaTests.swift in Sources */ = {isa = PBXBuildFile; fileRef = AEF79804283237A800D22193 /* MandalaTests.swift */; };
		AEF7980F283237A800D22193 /* MandalaUITests.swift in Sources */ = {isa = PBXBuildFile; fileRef = AEF7980E283237A800D22193 /* MandalaUITests.swift */; };
		AEF79811283237A800D22193 /* MandalaUITestsLaunchTests.swift in Sources */ = {isa = PBXBuildFile; fileRef = AEF79810283237A800D22193 /* MandalaUITestsLaunchTests.swift */; };
		AEF7981E2832388500D22193 /* Mood.swift in Sources */ = {isa = PBXBuildFile; fileRef = AEF7981D2832388500D22193 /* Mood.swift */; };
		AEF798202832391A00D22193 /* MoodEntry.swift in Sources */ = {isa = PBXBuildFile; fileRef = AEF7981F2832391A00D22193 /* MoodEntry.swift */; };
		AEF798222832547100D22193 /* UIColor+Mandala.swift in Sources */ = {isa = PBXBuildFile; fileRef = AEF798212832547100D22193 /* UIColor+Mandala.swift */; };
		AEF79824283269FC00D22193 /* UIImage+Mandala.swift in Sources */ = {isa = PBXBuildFile; fileRef = AEF79823283269FC00D22193 /* UIImage+Mandala.swift */; };
		AEFAB8EC283537DD001E53B6 /* MoodListViewController.swift in Sources */ = {isa = PBXBuildFile; fileRef = AEFAB8EB283537DD001E53B6 /* MoodListViewController.swift */; };
/* End PBXBuildFile section */

/* Begin PBXContainerItemProxy section */
		AEF79801283237A800D22193 /* PBXContainerItemProxy */ = {
			isa = PBXContainerItemProxy;
			containerPortal = AEF797E2283237A600D22193 /* Project object */;
			proxyType = 1;
			remoteGlobalIDString = AEF797E9283237A600D22193;
			remoteInfo = Mandala;
		};
		AEF7980B283237A800D22193 /* PBXContainerItemProxy */ = {
			isa = PBXContainerItemProxy;
			containerPortal = AEF797E2283237A600D22193 /* Project object */;
			proxyType = 1;
			remoteGlobalIDString = AEF797E9283237A600D22193;
			remoteInfo = Mandala;
		};
/* End PBXContainerItemProxy section */

/* Begin PBXFileReference section */
		AEDAA24328362FA200C89D4D /* MoodsConfigurable.swift */ = {isa = PBXFileReference; lastKnownFileType = sourcecode.swift; path = MoodsConfigurable.swift; sourceTree = "<group>"; };
		AEF797EA283237A600D22193 /* Mandala.app */ = {isa = PBXFileReference; explicitFileType = wrapper.application; includeInIndex = 0; path = Mandala.app; sourceTree = BUILT_PRODUCTS_DIR; };
		AEF797ED283237A600D22193 /* AppDelegate.swift */ = {isa = PBXFileReference; lastKnownFileType = sourcecode.swift; path = AppDelegate.swift; sourceTree = "<group>"; };
		AEF797EF283237A600D22193 /* SceneDelegate.swift */ = {isa = PBXFileReference; lastKnownFileType = sourcecode.swift; path = SceneDelegate.swift; sourceTree = "<group>"; };
		AEF797F1283237A600D22193 /* MoodSelectionViewController.swift */ = {isa = PBXFileReference; lastKnownFileType = sourcecode.swift; path = MoodSelectionViewController.swift; sourceTree = "<group>"; };
		AEF797F4283237A600D22193 /* Base */ = {isa = PBXFileReference; lastKnownFileType = file.storyboard; name = Base; path = Base.lproj/Main.storyboard; sourceTree = "<group>"; };
		AEF797F6283237A800D22193 /* Assets.xcassets */ = {isa = PBXFileReference; lastKnownFileType = folder.assetcatalog; path = Assets.xcassets; sourceTree = "<group>"; };
		AEF797F9283237A800D22193 /* Base */ = {isa = PBXFileReference; lastKnownFileType = file.storyboard; name = Base; path = Base.lproj/LaunchScreen.storyboard; sourceTree = "<group>"; };
		AEF797FB283237A800D22193 /* Info.plist */ = {isa = PBXFileReference; lastKnownFileType = text.plist.xml; path = Info.plist; sourceTree = "<group>"; };
		AEF79800283237A800D22193 /* MandalaTests.xctest */ = {isa = PBXFileReference; explicitFileType = wrapper.cfbundle; includeInIndex = 0; path = MandalaTests.xctest; sourceTree = BUILT_PRODUCTS_DIR; };
		AEF79804283237A800D22193 /* MandalaTests.swift */ = {isa = PBXFileReference; lastKnownFileType = sourcecode.swift; path = MandalaTests.swift; sourceTree = "<group>"; };
		AEF7980A283237A800D22193 /* MandalaUITests.xctest */ = {isa = PBXFileReference; explicitFileType = wrapper.cfbundle; includeInIndex = 0; path = MandalaUITests.xctest; sourceTree = BUILT_PRODUCTS_DIR; };
		AEF7980E283237A800D22193 /* MandalaUITests.swift */ = {isa = PBXFileReference; lastKnownFileType = sourcecode.swift; path = MandalaUITests.swift; sourceTree = "<group>"; };
		AEF79810283237A800D22193 /* MandalaUITestsLaunchTests.swift */ = {isa = PBXFileReference; lastKnownFileType = sourcecode.swift; path = MandalaUITestsLaunchTests.swift; sourceTree = "<group>"; };
		AEF7981D2832388500D22193 /* Mood.swift */ = {isa = PBXFileReference; lastKnownFileType = sourcecode.swift; path = Mood.swift; sourceTree = "<group>"; };
		AEF7981F2832391A00D22193 /* MoodEntry.swift */ = {isa = PBXFileReference; lastKnownFileType = sourcecode.swift; path = MoodEntry.swift; sourceTree = "<group>"; };
		AEF798212832547100D22193 /* UIColor+Mandala.swift */ = {isa = PBXFileReference; lastKnownFileType = sourcecode.swift; path = "UIColor+Mandala.swift"; sourceTree = "<group>"; };
		AEF79823283269FC00D22193 /* UIImage+Mandala.swift */ = {isa = PBXFileReference; lastKnownFileType = sourcecode.swift; path = "UIImage+Mandala.swift"; sourceTree = "<group>"; };
		AEFAB8EB283537DD001E53B6 /* MoodListViewController.swift */ = {isa = PBXFileReference; lastKnownFileType = sourcecode.swift; path = MoodListViewController.swift; sourceTree = "<group>"; };
/* End PBXFileReference section */

/* Begin PBXFrameworksBuildPhase section */
		AEF797E7283237A600D22193 /* Frameworks */ = {
			isa = PBXFrameworksBuildPhase;
			buildActionMask = 2147483647;
			files = (
			);
			runOnlyForDeploymentPostprocessing = 0;
		};
		AEF797FD283237A800D22193 /* Frameworks */ = {
			isa = PBXFrameworksBuildPhase;
			buildActionMask = 2147483647;
			files = (
			);
			runOnlyForDeploymentPostprocessing = 0;
		};
		AEF79807283237A800D22193 /* Frameworks */ = {
			isa = PBXFrameworksBuildPhase;
			buildActionMask = 2147483647;
			files = (
			);
			runOnlyForDeploymentPostprocessing = 0;
		};
/* End PBXFrameworksBuildPhase section */

/* Begin PBXGroup section */
		AEF797E1283237A600D22193 = {
			isa = PBXGroup;
			children = (
				AEF7981D2832388500D22193 /* Mood.swift */,
				AEF7981F2832391A00D22193 /* MoodEntry.swift */,
				AEF798212832547100D22193 /* UIColor+Mandala.swift */,
				AEF79823283269FC00D22193 /* UIImage+Mandala.swift */,
				AEF797EC283237A600D22193 /* Mandala */,
				AEF79803283237A800D22193 /* MandalaTests */,
				AEF7980D283237A800D22193 /* MandalaUITests */,
				AEF797EB283237A600D22193 /* Products */,
			);
			sourceTree = "<group>";
		};
		AEF797EB283237A600D22193 /* Products */ = {
			isa = PBXGroup;
			children = (
				AEF797EA283237A600D22193 /* Mandala.app */,
				AEF79800283237A800D22193 /* MandalaTests.xctest */,
				AEF7980A283237A800D22193 /* MandalaUITests.xctest */,
			);
			name = Products;
			sourceTree = "<group>";
		};
		AEF797EC283237A600D22193 /* Mandala */ = {
			isa = PBXGroup;
			children = (
				AEF797ED283237A600D22193 /* AppDelegate.swift */,
				AEF797EF283237A600D22193 /* SceneDelegate.swift */,
				AEF797F1283237A600D22193 /* MoodSelectionViewController.swift */,
				AEFAB8EB283537DD001E53B6 /* MoodListViewController.swift */,
				AEDAA24328362FA200C89D4D /* MoodsConfigurable.swift */,
				AEF797F3283237A600D22193 /* Main.storyboard */,
				AEF797F6283237A800D22193 /* Assets.xcassets */,
				AEF797F8283237A800D22193 /* LaunchScreen.storyboard */,
				AEF797FB283237A800D22193 /* Info.plist */,
			);
			path = Mandala;
			sourceTree = "<group>";
		};
		AEF79803283237A800D22193 /* MandalaTests */ = {
			isa = PBXGroup;
			children = (
				AEF79804283237A800D22193 /* MandalaTests.swift */,
			);
			path = MandalaTests;
			sourceTree = "<group>";
		};
		AEF7980D283237A800D22193 /* MandalaUITests */ = {
			isa = PBXGroup;
			children = (
				AEF7980E283237A800D22193 /* MandalaUITests.swift */,
				AEF79810283237A800D22193 /* MandalaUITestsLaunchTests.swift */,
			);
			path = MandalaUITests;
			sourceTree = "<group>";
		};
/* End PBXGroup section */

/* Begin PBXNativeTarget section */
		AEF797E9283237A600D22193 /* Mandala */ = {
			isa = PBXNativeTarget;
			buildConfigurationList = AEF79814283237A800D22193 /* Build configuration list for PBXNativeTarget "Mandala" */;
			buildPhases = (
				AEF797E6283237A600D22193 /* Sources */,
				AEF797E7283237A600D22193 /* Frameworks */,
				AEF797E8283237A600D22193 /* Resources */,
			);
			buildRules = (
			);
			dependencies = (
			);
			name = Mandala;
			productName = Mandala;
			productReference = AEF797EA283237A600D22193 /* Mandala.app */;
			productType = "com.apple.product-type.application";
		};
		AEF797FF283237A800D22193 /* MandalaTests */ = {
			isa = PBXNativeTarget;
			buildConfigurationList = AEF79817283237A800D22193 /* Build configuration list for PBXNativeTarget "MandalaTests" */;
			buildPhases = (
				AEF797FC283237A800D22193 /* Sources */,
				AEF797FD283237A800D22193 /* Frameworks */,
				AEF797FE283237A800D22193 /* Resources */,
			);
			buildRules = (
			);
			dependencies = (
				AEF79802283237A800D22193 /* PBXTargetDependency */,
			);
			name = MandalaTests;
			productName = MandalaTests;
			productReference = AEF79800283237A800D22193 /* MandalaTests.xctest */;
			productType = "com.apple.product-type.bundle.unit-test";
		};
		AEF79809283237A800D22193 /* MandalaUITests */ = {
			isa = PBXNativeTarget;
			buildConfigurationList = AEF7981A283237A800D22193 /* Build configuration list for PBXNativeTarget "MandalaUITests" */;
			buildPhases = (
				AEF79806283237A800D22193 /* Sources */,
				AEF79807283237A800D22193 /* Frameworks */,
				AEF79808283237A800D22193 /* Resources */,
			);
			buildRules = (
			);
			dependencies = (
				AEF7980C283237A800D22193 /* PBXTargetDependency */,
			);
			name = MandalaUITests;
			productName = MandalaUITests;
			productReference = AEF7980A283237A800D22193 /* MandalaUITests.xctest */;
			productType = "com.apple.product-type.bundle.ui-testing";
		};
/* End PBXNativeTarget section */

/* Begin PBXProject section */
		AEF797E2283237A600D22193 /* Project object */ = {
			isa = PBXProject;
			attributes = {
				BuildIndependentTargetsInParallel = 1;
				LastSwiftUpdateCheck = 1330;
				LastUpgradeCheck = 1330;
				TargetAttributes = {
					AEF797E9283237A600D22193 = {
						CreatedOnToolsVersion = 13.3;
					};
					AEF797FF283237A800D22193 = {
						CreatedOnToolsVersion = 13.3;
						TestTargetID = AEF797E9283237A600D22193;
					};
					AEF79809283237A800D22193 = {
						CreatedOnToolsVersion = 13.3;
						TestTargetID = AEF797E9283237A600D22193;
					};
				};
			};
			buildConfigurationList = AEF797E5283237A600D22193 /* Build configuration list for PBXProject "Mandala" */;
			compatibilityVersion = "Xcode 13.0";
			developmentRegion = en;
			hasScannedForEncodings = 0;
			knownRegions = (
				en,
				Base,
			);
			mainGroup = AEF797E1283237A600D22193;
			productRefGroup = AEF797EB283237A600D22193 /* Products */;
			projectDirPath = "";
			projectRoot = "";
			targets = (
				AEF797E9283237A600D22193 /* Mandala */,
				AEF797FF283237A800D22193 /* MandalaTests */,
				AEF79809283237A800D22193 /* MandalaUITests */,
			);
		};
/* End PBXProject section */

/* Begin PBXResourcesBuildPhase section */
		AEF797E8283237A600D22193 /* Resources */ = {
			isa = PBXResourcesBuildPhase;
			buildActionMask = 2147483647;
			files = (
				AEF797FA283237A800D22193 /* LaunchScreen.storyboard in Resources */,
				AEF797F7283237A800D22193 /* Assets.xcassets in Resources */,
				AEF797F5283237A600D22193 /* Main.storyboard in Resources */,
			);
			runOnlyForDeploymentPostprocessing = 0;
		};
		AEF797FE283237A800D22193 /* Resources */ = {
			isa = PBXResourcesBuildPhase;
			buildActionMask = 2147483647;
			files = (
			);
			runOnlyForDeploymentPostprocessing = 0;
		};
		AEF79808283237A800D22193 /* Resources */ = {
			isa = PBXResourcesBuildPhase;
			buildActionMask = 2147483647;
			files = (
			);
			runOnlyForDeploymentPostprocessing = 0;
		};
/* End PBXResourcesBuildPhase section */

/* Begin PBXSourcesBuildPhase section */
		AEF797E6283237A600D22193 /* Sources */ = {
			isa = PBXSourcesBuildPhase;
			buildActionMask = 2147483647;
			files = (
				AEF7981E2832388500D22193 /* Mood.swift in Sources */,
				AEFAB8EC283537DD001E53B6 /* MoodListViewController.swift in Sources */,
				AEF797F2283237A600D22193 /* MoodSelectionViewController.swift in Sources */,
				AEF798202832391A00D22193 /* MoodEntry.swift in Sources */,
				AEDAA24428362FA200C89D4D /* MoodsConfigurable.swift in Sources */,
				AEF797EE283237A600D22193 /* AppDelegate.swift in Sources */,
				AEF798222832547100D22193 /* UIColor+Mandala.swift in Sources */,
				AEF79824283269FC00D22193 /* UIImage+Mandala.swift in Sources */,
				AEF797F0283237A600D22193 /* SceneDelegate.swift in Sources */,
			);
			runOnlyForDeploymentPostprocessing = 0;
		};
		AEF797FC283237A800D22193 /* Sources */ = {
			isa = PBXSourcesBuildPhase;
			buildActionMask = 2147483647;
			files = (
				AEF79805283237A800D22193 /* MandalaTests.swift in Sources */,
			);
			runOnlyForDeploymentPostprocessing = 0;
		};
		AEF79806283237A800D22193 /* Sources */ = {
			isa = PBXSourcesBuildPhase;
			buildActionMask = 2147483647;
			files = (
				AEF7980F283237A800D22193 /* MandalaUITests.swift in Sources */,
				AEF79811283237A800D22193 /* MandalaUITestsLaunchTests.swift in Sources */,
			);
			runOnlyForDeploymentPostprocessing = 0;
		};
/* End PBXSourcesBuildPhase section */

/* Begin PBXTargetDependency section */
		AEF79802283237A800D22193 /* PBXTargetDependency */ = {
			isa = PBXTargetDependency;
			target = AEF797E9283237A600D22193 /* Mandala */;
			targetProxy = AEF79801283237A800D22193 /* PBXContainerItemProxy */;
		};
		AEF7980C283237A800D22193 /* PBXTargetDependency */ = {
			isa = PBXTargetDependency;
			target = AEF797E9283237A600D22193 /* Mandala */;
			targetProxy = AEF7980B283237A800D22193 /* PBXContainerItemProxy */;
		};
/* End PBXTargetDependency section */

/* Begin PBXVariantGroup section */
		AEF797F3283237A600D22193 /* Main.storyboard */ = {
			isa = PBXVariantGroup;
			children = (
				AEF797F4283237A600D22193 /* Base */,
			);
			name = Main.storyboard;
			sourceTree = "<group>";
		};
		AEF797F8283237A800D22193 /* LaunchScreen.storyboard */ = {
			isa = PBXVariantGroup;
			children = (
				AEF797F9283237A800D22193 /* Base */,
			);
			name = LaunchScreen.storyboard;
			sourceTree = "<group>";
		};
/* End PBXVariantGroup section */

/* Begin XCBuildConfiguration section */
		AEF79812283237A800D22193 /* Debug */ = {
			isa = XCBuildConfiguration;
			buildSettings = {
				ALWAYS_SEARCH_USER_PATHS = NO;
				CLANG_ANALYZER_NONNULL = YES;
				CLANG_ANALYZER_NUMBER_OBJECT_CONVERSION = YES_AGGRESSIVE;
				CLANG_CXX_LANGUAGE_STANDARD = "gnu++17";
				CLANG_ENABLE_MODULES = YES;
				CLANG_ENABLE_OBJC_ARC = YES;
				CLANG_ENABLE_OBJC_WEAK = YES;
				CLANG_WARN_BLOCK_CAPTURE_AUTORELEASING = YES;
				CLANG_WARN_BOOL_CONVERSION = YES;
				CLANG_WARN_COMMA = YES;
				CLANG_WARN_CONSTANT_CONVERSION = YES;
				CLANG_WARN_DEPRECATED_OBJC_IMPLEMENTATIONS = YES;
				CLANG_WARN_DIRECT_OBJC_ISA_USAGE = YES_ERROR;
				CLANG_WARN_DOCUMENTATION_COMMENTS = YES;
				CLANG_WARN_EMPTY_BODY = YES;
				CLANG_WARN_ENUM_CONVERSION = YES;
				CLANG_WARN_INFINITE_RECURSION = YES;
				CLANG_WARN_INT_CONVERSION = YES;
				CLANG_WARN_NON_LITERAL_NULL_CONVERSION = YES;
				CLANG_WARN_OBJC_IMPLICIT_RETAIN_SELF = YES;
				CLANG_WARN_OBJC_LITERAL_CONVERSION = YES;
				CLANG_WARN_OBJC_ROOT_CLASS = YES_ERROR;
				CLANG_WARN_QUOTED_INCLUDE_IN_FRAMEWORK_HEADER = YES;
				CLANG_WARN_RANGE_LOOP_ANALYSIS = YES;
				CLANG_WARN_STRICT_PROTOTYPES = YES;
				CLANG_WARN_SUSPICIOUS_MOVE = YES;
				CLANG_WARN_UNGUARDED_AVAILABILITY = YES_AGGRESSIVE;
				CLANG_WARN_UNREACHABLE_CODE = YES;
				CLANG_WARN__DUPLICATE_METHOD_MATCH = YES;
				COPY_PHASE_STRIP = NO;
				DEBUG_INFORMATION_FORMAT = dwarf;
				ENABLE_STRICT_OBJC_MSGSEND = YES;
				ENABLE_TESTABILITY = YES;
				GCC_C_LANGUAGE_STANDARD = gnu11;
				GCC_DYNAMIC_NO_PIC = NO;
				GCC_NO_COMMON_BLOCKS = YES;
				GCC_OPTIMIZATION_LEVEL = 0;
				GCC_PREPROCESSOR_DEFINITIONS = (
					"DEBUG=1",
					"$(inherited)",
				);
				GCC_WARN_64_TO_32_BIT_CONVERSION = YES;
				GCC_WARN_ABOUT_RETURN_TYPE = YES_ERROR;
				GCC_WARN_UNDECLARED_SELECTOR = YES;
				GCC_WARN_UNINITIALIZED_AUTOS = YES_AGGRESSIVE;
				GCC_WARN_UNUSED_FUNCTION = YES;
				GCC_WARN_UNUSED_VARIABLE = YES;
				IPHONEOS_DEPLOYMENT_TARGET = 15.4;
				MTL_ENABLE_DEBUG_INFO = INCLUDE_SOURCE;
				MTL_FAST_MATH = YES;
				ONLY_ACTIVE_ARCH = YES;
				SDKROOT = iphoneos;
				SWIFT_ACTIVE_COMPILATION_CONDITIONS = DEBUG;
				SWIFT_OPTIMIZATION_LEVEL = "-Onone";
			};
			name = Debug;
		};
		AEF79813283237A800D22193 /* Release */ = {
			isa = XCBuildConfiguration;
			buildSettings = {
				ALWAYS_SEARCH_USER_PATHS = NO;
				CLANG_ANALYZER_NONNULL = YES;
				CLANG_ANALYZER_NUMBER_OBJECT_CONVERSION = YES_AGGRESSIVE;
				CLANG_CXX_LANGUAGE_STANDARD = "gnu++17";
				CLANG_ENABLE_MODULES = YES;
				CLANG_ENABLE_OBJC_ARC = YES;
				CLANG_ENABLE_OBJC_WEAK = YES;
				CLANG_WARN_BLOCK_CAPTURE_AUTORELEASING = YES;
				CLANG_WARN_BOOL_CONVERSION = YES;
				CLANG_WARN_COMMA = YES;
				CLANG_WARN_CONSTANT_CONVERSION = YES;
				CLANG_WARN_DEPRECATED_OBJC_IMPLEMENTATIONS = YES;
				CLANG_WARN_DIRECT_OBJC_ISA_USAGE = YES_ERROR;
				CLANG_WARN_DOCUMENTATION_COMMENTS = YES;
				CLANG_WARN_EMPTY_BODY = YES;
				CLANG_WARN_ENUM_CONVERSION = YES;
				CLANG_WARN_INFINITE_RECURSION = YES;
				CLANG_WARN_INT_CONVERSION = YES;
				CLANG_WARN_NON_LITERAL_NULL_CONVERSION = YES;
				CLANG_WARN_OBJC_IMPLICIT_RETAIN_SELF = YES;
				CLANG_WARN_OBJC_LITERAL_CONVERSION = YES;
				CLANG_WARN_OBJC_ROOT_CLASS = YES_ERROR;
				CLANG_WARN_QUOTED_INCLUDE_IN_FRAMEWORK_HEADER = YES;
				CLANG_WARN_RANGE_LOOP_ANALYSIS = YES;
				CLANG_WARN_STRICT_PROTOTYPES = YES;
				CLANG_WARN_SUSPICIOUS_MOVE = YES;
				CLANG_WARN_UNGUARDED_AVAILABILITY = YES_AGGRESSIVE;
				CLANG_WARN_UNREACHABLE_CODE = YES;
				CLANG_WARN__DUPLICATE_METHOD_MATCH = YES;
				COPY_PHASE_STRIP = NO;
				DEBUG_INFORMATION_FORMAT = "dwarf-with-dsym";
				ENABLE_NS_ASSERTIONS = NO;
				ENABLE_STRICT_OBJC_MSGSEND = YES;
				GCC_C_LANGUAGE_STANDARD = gnu11;
				GCC_NO_COMMON_BLOCKS = YES;
				GCC_WARN_64_TO_32_BIT_CONVERSION = YES;
				GCC_WARN_ABOUT_RETURN_TYPE = YES_ERROR;
				GCC_WARN_UNDECLARED_SELECTOR = YES;
				GCC_WARN_UNINITIALIZED_AUTOS = YES_AGGRESSIVE;
				GCC_WARN_UNUSED_FUNCTION = YES;
				GCC_WARN_UNUSED_VARIABLE = YES;
				IPHONEOS_DEPLOYMENT_TARGET = 15.4;
				MTL_ENABLE_DEBUG_INFO = NO;
				MTL_FAST_MATH = YES;
				SDKROOT = iphoneos;
				SWIFT_COMPILATION_MODE = wholemodule;
				SWIFT_OPTIMIZATION_LEVEL = "-O";
				VALIDATE_PRODUCT = YES;
			};
			name = Release;
		};
		AEF79815283237A800D22193 /* Debug */ = {
			isa = XCBuildConfiguration;
			buildSettings = {
				ASSETCATALOG_COMPILER_APPICON_NAME = AppIcon;
				ASSETCATALOG_COMPILER_GLOBAL_ACCENT_COLOR_NAME = AccentColor;
				CODE_SIGN_STYLE = Automatic;
				CURRENT_PROJECT_VERSION = 1;
				DEVELOPMENT_TEAM = SC862SLTU9;
				GENERATE_INFOPLIST_FILE = YES;
				INFOPLIST_FILE = Mandala/Info.plist;
				INFOPLIST_KEY_UIApplicationSupportsIndirectInputEvents = YES;
				INFOPLIST_KEY_UILaunchStoryboardName = LaunchScreen;
				INFOPLIST_KEY_UIMainStoryboardFile = Main;
				INFOPLIST_KEY_UISupportedInterfaceOrientations_iPad = "UIInterfaceOrientationPortrait UIInterfaceOrientationPortraitUpsideDown UIInterfaceOrientationLandscapeLeft UIInterfaceOrientationLandscapeRight";
				INFOPLIST_KEY_UISupportedInterfaceOrientations_iPhone = "UIInterfaceOrientationPortrait UIInterfaceOrientationLandscapeLeft UIInterfaceOrientationLandscapeRight";
				LD_RUNPATH_SEARCH_PATHS = (
					"$(inherited)",
					"@executable_path/Frameworks",
				);
				MARKETING_VERSION = 1.0;
				PRODUCT_BUNDLE_IDENTIFIER = StephaneTrouve.Mandala;
				PRODUCT_NAME = "$(TARGET_NAME)";
				SWIFT_EMIT_LOC_STRINGS = YES;
				SWIFT_VERSION = 5.0;
				TARGETED_DEVICE_FAMILY = "1,2";
			};
			name = Debug;
		};
		AEF79816283237A800D22193 /* Release */ = {
			isa = XCBuildConfiguration;
			buildSettings = {
				ASSETCATALOG_COMPILER_APPICON_NAME = AppIcon;
				ASSETCATALOG_COMPILER_GLOBAL_ACCENT_COLOR_NAME = AccentColor;
				CODE_SIGN_STYLE = Automatic;
				CURRENT_PROJECT_VERSION = 1;
				DEVELOPMENT_TEAM = SC862SLTU9;
				GENERATE_INFOPLIST_FILE = YES;
				INFOPLIST_FILE = Mandala/Info.plist;
				INFOPLIST_KEY_UIApplicationSupportsIndirectInputEvents = YES;
				INFOPLIST_KEY_UILaunchStoryboardName = LaunchScreen;
				INFOPLIST_KEY_UIMainStoryboardFile = Main;
				INFOPLIST_KEY_UISupportedInterfaceOrientations_iPad = "UIInterfaceOrientationPortrait UIInterfaceOrientationPortraitUpsideDown UIInterfaceOrientationLandscapeLeft UIInterfaceOrientationLandscapeRight";
				INFOPLIST_KEY_UISupportedInterfaceOrientations_iPhone = "UIInterfaceOrientationPortrait UIInterfaceOrientationLandscapeLeft UIInterfaceOrientationLandscapeRight";
				LD_RUNPATH_SEARCH_PATHS = (
					"$(inherited)",
					"@executable_path/Frameworks",
				);
				MARKETING_VERSION = 1.0;
				PRODUCT_BUNDLE_IDENTIFIER = StephaneTrouve.Mandala;
				PRODUCT_NAME = "$(TARGET_NAME)";
				SWIFT_EMIT_LOC_STRINGS = YES;
				SWIFT_VERSION = 5.0;
				TARGETED_DEVICE_FAMILY = "1,2";
			};
			name = Release;
		};
		AEF79818283237A800D22193 /* Debug */ = {
			isa = XCBuildConfiguration;
			buildSettings = {
				ALWAYS_EMBED_SWIFT_STANDARD_LIBRARIES = YES;
				BUNDLE_LOADER = "$(TEST_HOST)";
				CODE_SIGN_STYLE = Automatic;
				CURRENT_PROJECT_VERSION = 1;
				DEVELOPMENT_TEAM = SC862SLTU9;
				GENERATE_INFOPLIST_FILE = YES;
				IPHONEOS_DEPLOYMENT_TARGET = 15.4;
				MARKETING_VERSION = 1.0;
				PRODUCT_BUNDLE_IDENTIFIER = StephaneTrouve.MandalaTests;
				PRODUCT_NAME = "$(TARGET_NAME)";
				SWIFT_EMIT_LOC_STRINGS = NO;
				SWIFT_VERSION = 5.0;
				TARGETED_DEVICE_FAMILY = "1,2";
				TEST_HOST = "$(BUILT_PRODUCTS_DIR)/Mandala.app/Mandala";
			};
			name = Debug;
		};
		AEF79819283237A800D22193 /* Release */ = {
			isa = XCBuildConfiguration;
			buildSettings = {
				ALWAYS_EMBED_SWIFT_STANDARD_LIBRARIES = YES;
				BUNDLE_LOADER = "$(TEST_HOST)";
				CODE_SIGN_STYLE = Automatic;
				CURRENT_PROJECT_VERSION = 1;
				DEVELOPMENT_TEAM = SC862SLTU9;
				GENERATE_INFOPLIST_FILE = YES;
				IPHONEOS_DEPLOYMENT_TARGET = 15.4;
				MARKETING_VERSION = 1.0;
				PRODUCT_BUNDLE_IDENTIFIER = StephaneTrouve.MandalaTests;
				PRODUCT_NAME = "$(TARGET_NAME)";
				SWIFT_EMIT_LOC_STRINGS = NO;
				SWIFT_VERSION = 5.0;
				TARGETED_DEVICE_FAMILY = "1,2";
				TEST_HOST = "$(BUILT_PRODUCTS_DIR)/Mandala.app/Mandala";
			};
			name = Release;
		};
		AEF7981B283237A800D22193 /* Debug */ = {
			isa = XCBuildConfiguration;
			buildSettings = {
				ALWAYS_EMBED_SWIFT_STANDARD_LIBRARIES = YES;
				CODE_SIGN_STYLE = Automatic;
				CURRENT_PROJECT_VERSION = 1;
				DEVELOPMENT_TEAM = SC862SLTU9;
				GENERATE_INFOPLIST_FILE = YES;
				MARKETING_VERSION = 1.0;
				PRODUCT_BUNDLE_IDENTIFIER = StephaneTrouve.MandalaUITests;
				PRODUCT_NAME = "$(TARGET_NAME)";
				SWIFT_EMIT_LOC_STRINGS = NO;
				SWIFT_VERSION = 5.0;
				TARGETED_DEVICE_FAMILY = "1,2";
				TEST_TARGET_NAME = Mandala;
			};
			name = Debug;
		};
		AEF7981C283237A800D22193 /* Release */ = {
			isa = XCBuildConfiguration;
			buildSettings = {
				ALWAYS_EMBED_SWIFT_STANDARD_LIBRARIES = YES;
				CODE_SIGN_STYLE = Automatic;
				CURRENT_PROJECT_VERSION = 1;
				DEVELOPMENT_TEAM = SC862SLTU9;
				GENERATE_INFOPLIST_FILE = YES;
				MARKETING_VERSION = 1.0;
				PRODUCT_BUNDLE_IDENTIFIER = StephaneTrouve.MandalaUITests;
				PRODUCT_NAME = "$(TARGET_NAME)";
				SWIFT_EMIT_LOC_STRINGS = NO;
				SWIFT_VERSION = 5.0;
				TARGETED_DEVICE_FAMILY = "1,2";
				TEST_TARGET_NAME = Mandala;
			};
			name = Release;
		};
/* End XCBuildConfiguration section */

/* Begin XCConfigurationList section */
		AEF797E5283237A600D22193 /* Build configuration list for PBXProject "Mandala" */ = {
			isa = XCConfigurationList;
			buildConfigurations = (
				AEF79812283237A800D22193 /* Debug */,
				AEF79813283237A800D22193 /* Release */,
			);
			defaultConfigurationIsVisible = 0;
			defaultConfigurationName = Release;
		};
		AEF79814283237A800D22193 /* Build configuration list for PBXNativeTarget "Mandala" */ = {
			isa = XCConfigurationList;
			buildConfigurations = (
				AEF79815283237A800D22193 /* Debug */,
				AEF79816283237A800D22193 /* Release */,
			);
			defaultConfigurationIsVisible = 0;
			defaultConfigurationName = Release;
		};
		AEF79817283237A800D22193 /* Build configuration list for PBXNativeTarget "MandalaTests" */ = {
			isa = XCConfigurationList;
			buildConfigurations = (
				AEF79818283237A800D22193 /* Debug */,
				AEF79819283237A800D22193 /* Release */,
			);
			defaultConfigurationIsVisible = 0;
			defaultConfigurationName = Release;
		};
		AEF7981A283237A800D22193 /* Build configuration list for PBXNativeTarget "MandalaUITests" */ = {
			isa = XCConfigurationList;
			buildConfigurations = (
				AEF7981B283237A800D22193 /* Debug */,
				AEF7981C283237A800D22193 /* Release */,
			);
			defaultConfigurationIsVisible = 0;
			defaultConfigurationName = Release;
		};
/* End XCConfigurationList section */
	};
	rootObject = AEF797E2283237A600D22193 /* Project object */;
}
